
Microsoft Visual Studio Solution File, Format Version 12.00
# Visual Studio 14
VisualStudioVersion = 14.0.23107.0
MinimumVisualStudioVersion = 10.0.40219.1
Project("{FAE04EC0-301F-11D3-BF4B-00C04F79EFBC}") = "CoreLayer", "ComplexElectricityCore\CoreLayer.csproj", "{7EEEBE9B-A277-40FC-90CE-02226098B744}"
EndProject
Project("{FAE04EC0-301F-11D3-BF4B-00C04F79EFBC}") = "Tests", "UnitTests_Electricity\Tests.csproj", "{CDB4899B-A0F4-46E5-A236-4ABE35976BE6}"
EndProject
Project("{FAE04EC0-301F-11D3-BF4B-00C04F79EFBC}") = "UILayer", "ComplexElectricity_Desktop\UILayer.csproj", "{53D0CD23-DE01-47A2-90D9-CAD137B2A3DF}"
EndProject
Project("{FAE04EC0-301F-11D3-BF4B-00C04F79EFBC}") = "PresentationLayer", "PresentationLayer\PresentationLayer.csproj", "{2D62F6B3-C668-4BF4-BF67-4D931D5FB4DB}"
EndProject
Global
	GlobalSection(SolutionConfigurationPlatforms) = preSolution
		Debug|Any CPU = Debug|Any CPU
		Release|Any CPU = Release|Any CPU
	EndGlobalSection
	GlobalSection(ProjectConfigurationPlatforms) = postSolution
		{7EEEBE9B-A277-40FC-90CE-02226098B744}.Debug|Any CPU.ActiveCfg = Debug|Any CPU
		{7EEEBE9B-A277-40FC-90CE-02226098B744}.Debug|Any CPU.Build.0 = Debug|Any CPU
		{7EEEBE9B-A277-40FC-90CE-02226098B744}.Release|Any CPU.ActiveCfg = Release|Any CPU
		{7EEEBE9B-A277-40FC-90CE-02226098B744}.Release|Any CPU.Build.0 = Release|Any CPU
		{CDB4899B-A0F4-46E5-A236-4ABE35976BE6}.Debug|Any CPU.ActiveCfg = Debug|Any CPU
		{CDB4899B-A0F4-46E5-A236-4ABE35976BE6}.Debug|Any CPU.Build.0 = Debug|Any CPU
		{CDB4899B-A0F4-46E5-A236-4ABE35976BE6}.Release|Any CPU.ActiveCfg = Release|Any CPU
		{CDB4899B-A0F4-46E5-A236-4ABE35976BE6}.Release|Any CPU.Build.0 = Release|Any CPU
		{53D0CD23-DE01-47A2-90D9-CAD137B2A3DF}.Debug|Any CPU.ActiveCfg = Debug|Any CPU
		{53D0CD23-DE01-47A2-90D9-CAD137B2A3DF}.Debug|Any CPU.Build.0 = Debug|Any CPU
		{53D0CD23-DE01-47A2-90D9-CAD137B2A3DF}.Release|Any CPU.ActiveCfg = Release|Any CPU
		{53D0CD23-DE01-47A2-90D9-CAD137B2A3DF}.Release|Any CPU.Build.0 = Release|Any CPU
		{2D62F6B3-C668-4BF4-BF67-4D931D5FB4DB}.Debug|Any CPU.ActiveCfg = Debug|Any CPU
		{2D62F6B3-C668-4BF4-BF67-4D931D5FB4DB}.Debug|Any CPU.Build.0 = Debug|Any CPU
		{2D62F6B3-C668-4BF4-BF67-4D931D5FB4DB}.Release|Any CPU.ActiveCfg = Release|Any CPU
		{2D62F6B3-C668-4BF4-BF67-4D931D5FB4DB}.Release|Any CPU.Build.0 = Release|Any CPU
	EndGlobalSection
	GlobalSection(SolutionProperties) = preSolution
		HideSolutionNode = FALSE
	EndGlobalSection
EndGlobal
